
Microsoft Visual Studio Solution File, Format Version 12.00
# Visual Studio Version 17
VisualStudioVersion = 17.13.35931.197 d17.13
MinimumVisualStudioVersion = 10.0.40219.1
Project("{FAE04EC0-301F-11D3-BF4B-00C04F79EFBC}") = "FindstakeNet", "FindstakeNet.csproj", "{2BF82FD9-E315-450B-9FCF-A141EB4FD77A}"
EndProject
Global
	GlobalSection(SolutionConfigurationPlatforms) = preSolution
		Debug|Any CPU = Debug|Any CPU
		Release|Any CPU = Release|Any CPU
	EndGlobalSection
	GlobalSection(ProjectConfigurationPlatforms) = postSolution
		{2BF82FD9-E315-450B-9FCF-A141EB4FD77A}.Debug|Any CPU.ActiveCfg = Debug|Any CPU
		{2BF82FD9-E315-450B-9FCF-A141EB4FD77A}.Debug|Any CPU.Build.0 = Debug|Any CPU
		{2BF82FD9-E315-450B-9FCF-A141EB4FD77A}.Release|Any CPU.ActiveCfg = Release|Any CPU
		{2BF82FD9-E315-450B-9FCF-A141EB4FD77A}.Release|Any CPU.Build.0 = Release|Any CPU
	EndGlobalSection
	GlobalSection(SolutionProperties) = preSolution
		HideSolutionNode = FALSE
	EndGlobalSection
	GlobalSection(ExtensibilityGlobals) = postSolution
		SolutionGuid = {20A2B44B-732C-470F-9189-8BC468C0022F}
	EndGlobalSection
EndGlobal
