
Microsoft Visual Studio Solution File, Format Version 12.00
# Visual Studio 2012
# SharpDevelop 5.1
VisualStudioVersion = 12.0.20827.3
MinimumVisualStudioVersion = 10.0.40219.1
Project("{FAE04EC0-301F-11D3-BF4B-00C04F79EFBC}") = "FindstakeNet", "FindstakeNet\FindstakeNet.csproj", "{C881486C-D965-4A27-B361-507E4BF2281F}"
EndProject
Project("{FAE04EC0-301F-11D3-BF4B-00C04F79EFBC}") = "Tests", "Tests\Tests.csproj", "{3B62AC60-927A-4ECC-BA29-56285E84029F}"
EndProject
Project("{FAE04EC0-301F-11D3-BF4B-00C04F79EFBC}") = "PeercoinUtils", "PeercoinUtils\PeercoinUtils.csproj", "{785B3474-6130-41F1-B14D-AB1DA2AEC42A}"
EndProject
Global
	GlobalSection(SolutionConfigurationPlatforms) = preSolution
		Debug|Any CPU = Debug|Any CPU
		Release|Any CPU = Release|Any CPU
	EndGlobalSection
	GlobalSection(ProjectConfigurationPlatforms) = postSolution
		{C881486C-D965-4A27-B361-507E4BF2281F}.Debug|Any CPU.ActiveCfg = Debug|Any CPU
		{C881486C-D965-4A27-B361-507E4BF2281F}.Debug|Any CPU.Build.0 = Debug|Any CPU
		{C881486C-D965-4A27-B361-507E4BF2281F}.Release|Any CPU.ActiveCfg = Release|Any CPU
		{C881486C-D965-4A27-B361-507E4BF2281F}.Release|Any CPU.Build.0 = Release|Any CPU
		{3B62AC60-927A-4ECC-BA29-56285E84029F}.Debug|Any CPU.ActiveCfg = Debug|Any CPU
		{3B62AC60-927A-4ECC-BA29-56285E84029F}.Debug|Any CPU.Build.0 = Debug|Any CPU
		{3B62AC60-927A-4ECC-BA29-56285E84029F}.Release|Any CPU.ActiveCfg = Release|Any CPU
		{3B62AC60-927A-4ECC-BA29-56285E84029F}.Release|Any CPU.Build.0 = Release|Any CPU
		{785B3474-6130-41F1-B14D-AB1DA2AEC42A}.Debug|Any CPU.ActiveCfg = Debug|Any CPU
		{785B3474-6130-41F1-B14D-AB1DA2AEC42A}.Debug|Any CPU.Build.0 = Debug|Any CPU
		{785B3474-6130-41F1-B14D-AB1DA2AEC42A}.Release|Any CPU.ActiveCfg = Release|Any CPU
		{785B3474-6130-41F1-B14D-AB1DA2AEC42A}.Release|Any CPU.Build.0 = Release|Any CPU
	EndGlobalSection
EndGlobal
